
Microsoft Visual Studio Solution File, Format Version 12.00
# Visual Studio Version 17
VisualStudioVersion = 17.0.31912.275
MinimumVisualStudioVersion = 10.0.40219.1
Project("{FAE04EC0-301F-11D3-BF4B-00C04F79EFBC}") = "Powitanie3P", "Powitanie3P\Powitanie3P.csproj", "{1373C085-DE2A-4236-8DCA-D0F9252D9CCE}"
EndProject
Global
	GlobalSection(SolutionConfigurationPlatforms) = preSolution
		Debug|Any CPU = Debug|Any CPU
		Release|Any CPU = Release|Any CPU
	EndGlobalSection
	GlobalSection(ProjectConfigurationPlatforms) = postSolution
		{1373C085-DE2A-4236-8DCA-D0F9252D9CCE}.Debug|Any CPU.ActiveCfg = Debug|Any CPU
		{1373C085-DE2A-4236-8DCA-D0F9252D9CCE}.Debug|Any CPU.Build.0 = Debug|Any CPU
		{1373C085-DE2A-4236-8DCA-D0F9252D9CCE}.Release|Any CPU.ActiveCfg = Release|Any CPU
		{1373C085-DE2A-4236-8DCA-D0F9252D9CCE}.Release|Any CPU.Build.0 = Release|Any CPU
	EndGlobalSection
	GlobalSection(SolutionProperties) = preSolution
		HideSolutionNode = FALSE
	EndGlobalSection
	GlobalSection(ExtensibilityGlobals) = postSolution
		SolutionGuid = {079316DD-E03A-42A0-A730-B27AE7CE1CB1}
	EndGlobalSection
EndGlobal
